
Microsoft Visual Studio Solution File, Format Version 12.00
# Visual Studio 15
VisualStudioVersion = 15.0.26228.4
MinimumVisualStudioVersion = 10.0.40219.1
Project("{FAE04EC0-301F-11D3-BF4B-00C04F79EFBC}") = "StockUtilities", "StockUtilities\StockUtilities.csproj", "{87299D55-7944-43EA-8E4B-E6A47D596DA5}"
EndProject
Project("{FAE04EC0-301F-11D3-BF4B-00C04F79EFBC}") = "StockStuff", "StockStuff\StockStuff.csproj", "{058A36ED-91BC-4D33-8FDC-0DC2C887D71C}"
EndProject
Project("{FAE04EC0-301F-11D3-BF4B-00C04F79EFBC}") = "StockCalculatorTests", "StockCalculatorTests\StockCalculatorTests.csproj", "{9133A51C-64AF-4E60-B26F-0B1916253E94}"
EndProject
Global
	GlobalSection(SolutionConfigurationPlatforms) = preSolution
		Debug|Any CPU = Debug|Any CPU
		Release|Any CPU = Release|Any CPU
	EndGlobalSection
	GlobalSection(ProjectConfigurationPlatforms) = postSolution
		{87299D55-7944-43EA-8E4B-E6A47D596DA5}.Debug|Any CPU.ActiveCfg = Debug|Any CPU
		{87299D55-7944-43EA-8E4B-E6A47D596DA5}.Debug|Any CPU.Build.0 = Debug|Any CPU
		{87299D55-7944-43EA-8E4B-E6A47D596DA5}.Release|Any CPU.ActiveCfg = Release|Any CPU
		{87299D55-7944-43EA-8E4B-E6A47D596DA5}.Release|Any CPU.Build.0 = Release|Any CPU
		{058A36ED-91BC-4D33-8FDC-0DC2C887D71C}.Debug|Any CPU.ActiveCfg = Debug|Any CPU
		{058A36ED-91BC-4D33-8FDC-0DC2C887D71C}.Debug|Any CPU.Build.0 = Debug|Any CPU
		{058A36ED-91BC-4D33-8FDC-0DC2C887D71C}.Release|Any CPU.ActiveCfg = Release|Any CPU
		{058A36ED-91BC-4D33-8FDC-0DC2C887D71C}.Release|Any CPU.Build.0 = Release|Any CPU
		{9133A51C-64AF-4E60-B26F-0B1916253E94}.Debug|Any CPU.ActiveCfg = Debug|Any CPU
		{9133A51C-64AF-4E60-B26F-0B1916253E94}.Debug|Any CPU.Build.0 = Debug|Any CPU
		{9133A51C-64AF-4E60-B26F-0B1916253E94}.Release|Any CPU.ActiveCfg = Release|Any CPU
		{9133A51C-64AF-4E60-B26F-0B1916253E94}.Release|Any CPU.Build.0 = Release|Any CPU
	EndGlobalSection
	GlobalSection(SolutionProperties) = preSolution
		HideSolutionNode = FALSE
	EndGlobalSection
EndGlobal
